{
  "name": "lisa.sync",
  "version": "1.2.3",
  "lockfileVersion": 1,
  "requires": true,
  "dependencies": {
    "debug": {
      "version": "4.3.2",
      "resolved": "https://registry.npmjs.org/debug/-/debug-4.3.2.tgz",
      "integrity": "sha512-mOp8wKcvj7XxC78zLgw/ZA+6TSgkoE2C/ienthhRD298T7UNwAg9diBpLRxC0mOezLl4B0xV7M0cCO6P/O0Xhw==",
      "dev": true,
      "requires": {
        "ms": "2.1.2"
      }
    },
    "lisa.orbit": {
      "version": "1.0.6",
      "resolved": "https://registry.npmjs.org/lisa.orbit/-/lisa.orbit-1.0.6.tgz",
      "integrity": "sha512-UktPNAwhzur8fd/L6LdARK8EIHjRbj8cyfkvy1jo5EXYl9bw0bGWHbPCpVxrJYBXn/X8Y9+JXW/lg/9JiLIh2w==",
      "requires": {
        "lisa.promise": "^2.0.0",
        "lisa.utils": "^2.2.0"
      }
    },
    "lisa.promise": {
      "version": "2.0.0",
      "resolved": "https://registry.npmjs.org/lisa.promise/-/lisa.promise-2.0.0.tgz",
      "integrity": "sha512-62ko2VHjs63NLfBaj6LXWFTCg3LQNqrQyLiBoat+WwJc41AQaWa/9xnqO4NFjxJzg0LEDFVQC3VQjMCf7opWIg==",
      "requires": {
        "promise-sequential": "^1.1.1"
      }
    },
    "lisa.utils": {
      "version": "2.5.0",
      "resolved": "https://registry.npmjs.org/lisa.utils/-/lisa.utils-2.5.0.tgz",
      "integrity": "sha512-mRaXnVu6DZ+kf5P5a9mDLhRuzqHPK06tWQ4mGUi9/ozlHBpfLwhJ3fsoclmBCF1VOVK58dUL2hbtV5v5pqxC5g=="
    },
    "ms": {
      "version": "2.1.2",
      "resolved": "https://registry.npmjs.org/ms/-/ms-2.1.2.tgz",
      "integrity": "sha512-sGkPx+VjMtmA6MX27oA4FBFELFCZZ4S4XqeGOXCv68tT+jb3vk/RyaKWP0PTKyWtmLSM0b+adUTEvbs1PEaH2w==",
      "dev": true
    },
    "promise-sequential": {
      "version": "1.1.1",
      "resolved": "https://registry.npmjs.org/promise-sequential/-/promise-sequential-1.1.1.tgz",
      "integrity": "sha1-956JUO+G56eoW/MgRSZDWS9tL7I="
    }
  }
}
